
Microsoft Visual Studio Solution File, Format Version 12.00
# Visual Studio Version 17
VisualStudioVersion = 17.8.34601.278
MinimumVisualStudioVersion = 10.0.40219.1
Project("{FAE04EC0-301F-11D3-BF4B-00C04F79EFBC}") = "P1", "P1\P1.csproj", "{60F2D301-DBF5-4846-AD6E-48001FDE2B5B}"
EndProject
Project("{FAE04EC0-301F-11D3-BF4B-00C04F79EFBC}") = "P2", "P2\P2.csproj", "{154B81A9-39E0-42A3-9878-3E74C2A6E1C6}"
EndProject
Global
	GlobalSection(SolutionConfigurationPlatforms) = preSolution
		Debug|Any CPU = Debug|Any CPU
		Release|Any CPU = Release|Any CPU
	EndGlobalSection
	GlobalSection(ProjectConfigurationPlatforms) = postSolution
		{60F2D301-DBF5-4846-AD6E-48001FDE2B5B}.Debug|Any CPU.ActiveCfg = Debug|Any CPU
		{60F2D301-DBF5-4846-AD6E-48001FDE2B5B}.Debug|Any CPU.Build.0 = Debug|Any CPU
		{60F2D301-DBF5-4846-AD6E-48001FDE2B5B}.Release|Any CPU.ActiveCfg = Release|Any CPU
		{60F2D301-DBF5-4846-AD6E-48001FDE2B5B}.Release|Any CPU.Build.0 = Release|Any CPU
		{154B81A9-39E0-42A3-9878-3E74C2A6E1C6}.Debug|Any CPU.ActiveCfg = Debug|Any CPU
		{154B81A9-39E0-42A3-9878-3E74C2A6E1C6}.Debug|Any CPU.Build.0 = Debug|Any CPU
		{154B81A9-39E0-42A3-9878-3E74C2A6E1C6}.Release|Any CPU.ActiveCfg = Release|Any CPU
		{154B81A9-39E0-42A3-9878-3E74C2A6E1C6}.Release|Any CPU.Build.0 = Release|Any CPU
	EndGlobalSection
	GlobalSection(SolutionProperties) = preSolution
		HideSolutionNode = FALSE
	EndGlobalSection
	GlobalSection(ExtensibilityGlobals) = postSolution
		SolutionGuid = {61F95ABB-C7D3-4E83-A0AD-3C4794F6CF05}
	EndGlobalSection
EndGlobal
